
Microsoft Visual Studio Solution File, Format Version 12.00
# Visual Studio Version 17
VisualStudioVersion = 17.8.34330.188
MinimumVisualStudioVersion = 10.0.40219.1
Project("{FAE04EC0-301F-11D3-BF4B-00C04F79EFBC}") = "practice project 2", "practice project 2\practice project 2.csproj", "{6830D0F5-18A7-4CF9-8BA1-195289A823B2}"
EndProject
Global
	GlobalSection(SolutionConfigurationPlatforms) = preSolution
		Debug|Any CPU = Debug|Any CPU
		Release|Any CPU = Release|Any CPU
	EndGlobalSection
	GlobalSection(ProjectConfigurationPlatforms) = postSolution
		{6830D0F5-18A7-4CF9-8BA1-195289A823B2}.Debug|Any CPU.ActiveCfg = Debug|Any CPU
		{6830D0F5-18A7-4CF9-8BA1-195289A823B2}.Debug|Any CPU.Build.0 = Debug|Any CPU
		{6830D0F5-18A7-4CF9-8BA1-195289A823B2}.Release|Any CPU.ActiveCfg = Release|Any CPU
		{6830D0F5-18A7-4CF9-8BA1-195289A823B2}.Release|Any CPU.Build.0 = Release|Any CPU
	EndGlobalSection
	GlobalSection(SolutionProperties) = preSolution
		HideSolutionNode = FALSE
	EndGlobalSection
	GlobalSection(ExtensibilityGlobals) = postSolution
		SolutionGuid = {197D3DFA-C512-4916-815C-C02135C70AB6}
	EndGlobalSection
EndGlobal
